
Microsoft Visual Studio Solution File, Format Version 12.00
# Visual Studio Version 17
VisualStudioVersion = 17.0.32112.339
MinimumVisualStudioVersion = 10.0.40219.1
Project("{FAE04EC0-301F-11D3-BF4B-00C04F79EFBC}") = "laboratory_work_1", "laboratory_work_1\laboratory_work_1.csproj", "{CD3A3735-7D9B-4DD6-93F1-397C599AFFA0}"
EndProject
Global
	GlobalSection(SolutionConfigurationPlatforms) = preSolution
		Debug|Any CPU = Debug|Any CPU
		Release|Any CPU = Release|Any CPU
	EndGlobalSection
	GlobalSection(ProjectConfigurationPlatforms) = postSolution
		{CD3A3735-7D9B-4DD6-93F1-397C599AFFA0}.Debug|Any CPU.ActiveCfg = Debug|Any CPU
		{CD3A3735-7D9B-4DD6-93F1-397C599AFFA0}.Debug|Any CPU.Build.0 = Debug|Any CPU
		{CD3A3735-7D9B-4DD6-93F1-397C599AFFA0}.Release|Any CPU.ActiveCfg = Release|Any CPU
		{CD3A3735-7D9B-4DD6-93F1-397C599AFFA0}.Release|Any CPU.Build.0 = Release|Any CPU
	EndGlobalSection
	GlobalSection(SolutionProperties) = preSolution
		HideSolutionNode = FALSE
	EndGlobalSection
	GlobalSection(ExtensibilityGlobals) = postSolution
		SolutionGuid = {36AB6830-6A5E-47BF-8963-420CE2A6E020}
	EndGlobalSection
EndGlobal
